// !$*UTF8*$!
{
	archiveVersion = 1;
	classes = {
	};
	objectVersion = 48;
	objects = {

/* Begin PBXBuildFile section */
		917978B11F5C16B500A71079 /* AppDelegate.swift in Sources */ = {isa = PBXBuildFile; fileRef = 917978B01F5C16B500A71079 /* AppDelegate.swift */; };
		917978B31F5C16B500A71079 /* WelcomeVC.swift in Sources */ = {isa = PBXBuildFile; fileRef = 917978B21F5C16B500A71079 /* WelcomeVC.swift */; };
		917978B61F5C16B500A71079 /* Main.storyboard in Resources */ = {isa = PBXBuildFile; fileRef = 917978B41F5C16B500A71079 /* Main.storyboard */; };
		917978B81F5C16B500A71079 /* Assets.xcassets in Resources */ = {isa = PBXBuildFile; fileRef = 917978B71F5C16B500A71079 /* Assets.xcassets */; };
		917978BB1F5C16B500A71079 /* LaunchScreen.storyboard in Resources */ = {isa = PBXBuildFile; fileRef = 917978B91F5C16B500A71079 /* LaunchScreen.storyboard */; };
		917978C41F5C1D5800A71079 /* BorderButton.swift in Sources */ = {isa = PBXBuildFile; fileRef = 917978C31F5C1D5800A71079 /* BorderButton.swift */; };
		917978C81F5C478100A71079 /* LeagueVC.swift in Sources */ = {isa = PBXBuildFile; fileRef = 917978C71F5C478100A71079 /* LeagueVC.swift */; };
		917978CA1F5C479100A71079 /* SkillVC.swift in Sources */ = {isa = PBXBuildFile; fileRef = 917978C91F5C479100A71079 /* SkillVC.swift */; };
		917978CC1F5C4DA300A71079 /* Player.swift in Sources */ = {isa = PBXBuildFile; fileRef = 917978CB1F5C4DA300A71079 /* Player.swift */; };
/* End PBXBuildFile section */

/* Begin PBXFileReference section */
		917978AD1F5C16B500A71079 /* SwooshApp.app */ = {isa = PBXFileReference; explicitFileType = wrapper.application; includeInIndex = 0; path = SwooshApp.app; sourceTree = BUILT_PRODUCTS_DIR; };
		917978B01F5C16B500A71079 /* AppDelegate.swift */ = {isa = PBXFileReference; lastKnownFileType = sourcecode.swift; path = AppDelegate.swift; sourceTree = "<group>"; };
		917978B21F5C16B500A71079 /* WelcomeVC.swift */ = {isa = PBXFileReference; lastKnownFileType = sourcecode.swift; path = WelcomeVC.swift; sourceTree = "<group>"; };
		917978B51F5C16B500A71079 /* Base */ = {isa = PBXFileReference; lastKnownFileType = file.storyboard; name = Base; path = Base.lproj/Main.storyboard; sourceTree = "<group>"; };
		917978B71F5C16B500A71079 /* Assets.xcassets */ = {isa = PBXFileReference; lastKnownFileType = folder.assetcatalog; path = Assets.xcassets; sourceTree = "<group>"; };
		917978BA1F5C16B500A71079 /* Base */ = {isa = PBXFileReference; lastKnownFileType = file.storyboard; name = Base; path = Base.lproj/LaunchScreen.storyboard; sourceTree = "<group>"; };
		917978BC1F5C16B500A71079 /* Info.plist */ = {isa = PBXFileReference; lastKnownFileType = text.plist.xml; path = Info.plist; sourceTree = "<group>"; };
		917978C31F5C1D5800A71079 /* BorderButton.swift */ = {isa = PBXFileReference; lastKnownFileType = sourcecode.swift; path = BorderButton.swift; sourceTree = "<group>"; };
		917978C71F5C478100A71079 /* LeagueVC.swift */ = {isa = PBXFileReference; lastKnownFileType = sourcecode.swift; path = LeagueVC.swift; sourceTree = "<group>"; };
		917978C91F5C479100A71079 /* SkillVC.swift */ = {isa = PBXFileReference; lastKnownFileType = sourcecode.swift; path = SkillVC.swift; sourceTree = "<group>"; };
		917978CB1F5C4DA300A71079 /* Player.swift */ = {isa = PBXFileReference; lastKnownFileType = sourcecode.swift; path = Player.swift; sourceTree = "<group>"; };
/* End PBXFileReference section */

/* Begin PBXFrameworksBuildPhase section */
		917978AA1F5C16B500A71079 /* Frameworks */ = {
			isa = PBXFrameworksBuildPhase;
			buildActionMask = 2147483647;
			files = (
			);
			runOnlyForDeploymentPostprocessing = 0;
		};
/* End PBXFrameworksBuildPhase section */

/* Begin PBXGroup section */
		917978A41F5C16B500A71079 = {
			isa = PBXGroup;
			children = (
				917978AF1F5C16B500A71079 /* SwooshApp */,
				917978AE1F5C16B500A71079 /* Products */,
			);
			sourceTree = "<group>";
		};
		917978AE1F5C16B500A71079 /* Products */ = {
			isa = PBXGroup;
			children = (
				917978AD1F5C16B500A71079 /* SwooshApp.app */,
			);
			name = Products;
			sourceTree = "<group>";
		};
		917978AF1F5C16B500A71079 /* SwooshApp */ = {
			isa = PBXGroup;
			children = (
				917978C61F5C46E900A71079 /* Model */,
				917978C51F5C46E000A71079 /* Controller */,
				917978C21F5C1D0700A71079 /* View */,
				917978B01F5C16B500A71079 /* AppDelegate.swift */,
				917978B41F5C16B500A71079 /* Main.storyboard */,
				917978B71F5C16B500A71079 /* Assets.xcassets */,
				917978B91F5C16B500A71079 /* LaunchScreen.storyboard */,
				917978BC1F5C16B500A71079 /* Info.plist */,
			);
			path = SwooshApp;
			sourceTree = "<group>";
		};
		917978C21F5C1D0700A71079 /* View */ = {
			isa = PBXGroup;
			children = (
				917978C31F5C1D5800A71079 /* BorderButton.swift */,
			);
			path = View;
			sourceTree = "<group>";
		};
		917978C51F5C46E000A71079 /* Controller */ = {
			isa = PBXGroup;
			children = (
				917978B21F5C16B500A71079 /* WelcomeVC.swift */,
				917978C71F5C478100A71079 /* LeagueVC.swift */,
				917978C91F5C479100A71079 /* SkillVC.swift */,
			);
			path = Controller;
			sourceTree = "<group>";
		};
		917978C61F5C46E900A71079 /* Model */ = {
			isa = PBXGroup;
			children = (
				917978CB1F5C4DA300A71079 /* Player.swift */,
			);
			path = Model;
			sourceTree = "<group>";
		};
/* End PBXGroup section */

/* Begin PBXNativeTarget section */
		917978AC1F5C16B500A71079 /* SwooshApp */ = {
			isa = PBXNativeTarget;
			buildConfigurationList = 917978BF1F5C16B500A71079 /* Build configuration list for PBXNativeTarget "SwooshApp" */;
			buildPhases = (
				917978A91F5C16B500A71079 /* Sources */,
				917978AA1F5C16B500A71079 /* Frameworks */,
				917978AB1F5C16B500A71079 /* Resources */,
			);
			buildRules = (
			);
			dependencies = (
			);
			name = SwooshApp;
			productName = SwooshApp;
			productReference = 917978AD1F5C16B500A71079 /* SwooshApp.app */;
			productType = "com.apple.product-type.application";
		};
/* End PBXNativeTarget section */

/* Begin PBXProject section */
		917978A51F5C16B500A71079 /* Project object */ = {
			isa = PBXProject;
			attributes = {
				LastSwiftUpdateCheck = 0900;
				LastUpgradeCheck = 0900;
				ORGANIZATIONNAME = "Stanley Pan";
				TargetAttributes = {
					917978AC1F5C16B500A71079 = {
						CreatedOnToolsVersion = 9.0;
						ProvisioningStyle = Automatic;
					};
				};
			};
			buildConfigurationList = 917978A81F5C16B500A71079 /* Build configuration list for PBXProject "SwooshApp" */;
			compatibilityVersion = "Xcode 8.0";
			developmentRegion = en;
			hasScannedForEncodings = 0;
			knownRegions = (
				en,
				Base,
			);
			mainGroup = 917978A41F5C16B500A71079;
			productRefGroup = 917978AE1F5C16B500A71079 /* Products */;
			projectDirPath = "";
			projectRoot = "";
			targets = (
				917978AC1F5C16B500A71079 /* SwooshApp */,
			);
		};
/* End PBXProject section */

/* Begin PBXResourcesBuildPhase section */
		917978AB1F5C16B500A71079 /* Resources */ = {
			isa = PBXResourcesBuildPhase;
			buildActionMask = 2147483647;
			files = (
				917978BB1F5C16B500A71079 /* LaunchScreen.storyboard in Resources */,
				917978B81F5C16B500A71079 /* Assets.xcassets in Resources */,
				917978B61F5C16B500A71079 /* Main.storyboard in Resources */,
			);
			runOnlyForDeploymentPostprocessing = 0;
		};
/* End PBXResourcesBuildPhase section */

/* Begin PBXSourcesBuildPhase section */
		917978A91F5C16B500A71079 /* Sources */ = {
			isa = PBXSourcesBuildPhase;
			buildActionMask = 2147483647;
			files = (
				917978B31F5C16B500A71079 /* WelcomeVC.swift in Sources */,
				917978C81F5C478100A71079 /* LeagueVC.swift in Sources */,
				917978B11F5C16B500A71079 /* AppDelegate.swift in Sources */,
				917978CA1F5C479100A71079 /* SkillVC.swift in Sources */,
				917978CC1F5C4DA300A71079 /* Player.swift in Sources */,
				917978C41F5C1D5800A71079 /* BorderButton.swift in Sources */,
			);
			runOnlyForDeploymentPostprocessing = 0;
		};
/* End PBXSourcesBuildPhase section */

/* Begin PBXVariantGroup section */
		917978B41F5C16B500A71079 /* Main.storyboard */ = {
			isa = PBXVariantGroup;
			children = (
				917978B51F5C16B500A71079 /* Base */,
			);
			name = Main.storyboard;
			sourceTree = "<group>";
		};
		917978B91F5C16B500A71079 /* LaunchScreen.storyboard */ = {
			isa = PBXVariantGroup;
			children = (
				917978BA1F5C16B500A71079 /* Base */,
			);
			name = LaunchScreen.storyboard;
			sourceTree = "<group>";
		};
/* End PBXVariantGroup section */

/* Begin XCBuildConfiguration section */
		917978BD1F5C16B500A71079 /* Debug */ = {
			isa = XCBuildConfiguration;
			buildSettings = {
				ALWAYS_SEARCH_USER_PATHS = NO;
				CLANG_ANALYZER_NONNULL = YES;
				CLANG_ANALYZER_NUMBER_OBJECT_CONVERSION = YES_AGGRESSIVE;
				CLANG_CXX_LANGUAGE_STANDARD = "gnu++14";
				CLANG_CXX_LIBRARY = "libc++";
				CLANG_ENABLE_MODULES = YES;
				CLANG_ENABLE_OBJC_ARC = YES;
				CLANG_WARN_BLOCK_CAPTURE_AUTORELEASING = YES;
				CLANG_WARN_BOOL_CONVERSION = YES;
				CLANG_WARN_COMMA = YES;
				CLANG_WARN_CONSTANT_CONVERSION = YES;
				CLANG_WARN_DIRECT_OBJC_ISA_USAGE = YES_ERROR;
				CLANG_WARN_DOCUMENTATION_COMMENTS = YES;
				CLANG_WARN_EMPTY_BODY = YES;
				CLANG_WARN_ENUM_CONVERSION = YES;
				CLANG_WARN_INFINITE_RECURSION = YES;
				CLANG_WARN_INT_CONVERSION = YES;
				CLANG_WARN_NON_LITERAL_NULL_CONVERSION = YES;
				CLANG_WARN_OBJC_LITERAL_CONVERSION = YES;
				CLANG_WARN_OBJC_ROOT_CLASS = YES_ERROR;
				CLANG_WARN_RANGE_LOOP_ANALYSIS = YES;
				CLANG_WARN_STRICT_PROTOTYPES = YES;
				CLANG_WARN_SUSPICIOUS_MOVE = YES;
				CLANG_WARN_UNGUARDED_AVAILABILITY = YES_AGGRESSIVE;
				CLANG_WARN_UNREACHABLE_CODE = YES;
				CLANG_WARN__DUPLICATE_METHOD_MATCH = YES;
				CODE_SIGN_IDENTITY = "iPhone Developer";
				COPY_PHASE_STRIP = NO;
				DEBUG_INFORMATION_FORMAT = dwarf;
				ENABLE_STRICT_OBJC_MSGSEND = YES;
				ENABLE_TESTABILITY = YES;
				GCC_C_LANGUAGE_STANDARD = gnu11;
				GCC_DYNAMIC_NO_PIC = NO;
				GCC_NO_COMMON_BLOCKS = YES;
				GCC_OPTIMIZATION_LEVEL = 0;
				GCC_PREPROCESSOR_DEFINITIONS = (
					"DEBUG=1",
					"$(inherited)",
				);
				GCC_WARN_64_TO_32_BIT_CONVERSION = YES;
				GCC_WARN_ABOUT_RETURN_TYPE = YES_ERROR;
				GCC_WARN_UNDECLARED_SELECTOR = YES;
				GCC_WARN_UNINITIALIZED_AUTOS = YES_AGGRESSIVE;
				GCC_WARN_UNUSED_FUNCTION = YES;
				GCC_WARN_UNUSED_VARIABLE = YES;
				IPHONEOS_DEPLOYMENT_TARGET = 11.0;
				MTL_ENABLE_DEBUG_INFO = YES;
				ONLY_ACTIVE_ARCH = YES;
				SDKROOT = iphoneos;
				SWIFT_ACTIVE_COMPILATION_CONDITIONS = DEBUG;
				SWIFT_OPTIMIZATION_LEVEL = "-Onone";
			};
			name = Debug;
		};
		917978BE1F5C16B500A71079 /* Release */ = {
			isa = XCBuildConfiguration;
			buildSettings = {
				ALWAYS_SEARCH_USER_PATHS = NO;
				CLANG_ANALYZER_NONNULL = YES;
				CLANG_ANALYZER_NUMBER_OBJECT_CONVERSION = YES_AGGRESSIVE;
				CLANG_CXX_LANGUAGE_STANDARD = "gnu++14";
				CLANG_CXX_LIBRARY = "libc++";
				CLANG_ENABLE_MODULES = YES;
				CLANG_ENABLE_OBJC_ARC = YES;
				CLANG_WARN_BLOCK_CAPTURE_AUTORELEASING = YES;
				CLANG_WARN_BOOL_CONVERSION = YES;
				CLANG_WARN_COMMA = YES;
				CLANG_WARN_CONSTANT_CONVERSION = YES;
				CLANG_WARN_DIRECT_OBJC_ISA_USAGE = YES_ERROR;
				CLANG_WARN_DOCUMENTATION_COMMENTS = YES;
				CLANG_WARN_EMPTY_BODY = YES;
				CLANG_WARN_ENUM_CONVERSION = YES;
				CLANG_WARN_INFINITE_RECURSION = YES;
				CLANG_WARN_INT_CONVERSION = YES;
				CLANG_WARN_NON_LITERAL_NULL_CONVERSION = YES;
				CLANG_WARN_OBJC_LITERAL_CONVERSION = YES;
				CLANG_WARN_OBJC_ROOT_CLASS = YES_ERROR;
				CLANG_WARN_RANGE_LOOP_ANALYSIS = YES;
				CLANG_WARN_STRICT_PROTOTYPES = YES;
				CLANG_WARN_SUSPICIOUS_MOVE = YES;
				CLANG_WARN_UNGUARDED_AVAILABILITY = YES_AGGRESSIVE;
				CLANG_WARN_UNREACHABLE_CODE = YES;
				CLANG_WARN__DUPLICATE_METHOD_MATCH = YES;
				CODE_SIGN_IDENTITY = "iPhone Developer";
				COPY_PHASE_STRIP = NO;
				DEBUG_INFORMATION_FORMAT = "dwarf-with-dsym";
				ENABLE_NS_ASSERTIONS = NO;
				ENABLE_STRICT_OBJC_MSGSEND = YES;
				GCC_C_LANGUAGE_STANDARD = gnu11;
				GCC_NO_COMMON_BLOCKS = YES;
				GCC_WARN_64_TO_32_BIT_CONVERSION = YES;
				GCC_WARN_ABOUT_RETURN_TYPE = YES_ERROR;
				GCC_WARN_UNDECLARED_SELECTOR = YES;
				GCC_WARN_UNINITIALIZED_AUTOS = YES_AGGRESSIVE;
				GCC_WARN_UNUSED_FUNCTION = YES;
				GCC_WARN_UNUSED_VARIABLE = YES;
				IPHONEOS_DEPLOYMENT_TARGET = 11.0;
				MTL_ENABLE_DEBUG_INFO = NO;
				SDKROOT = iphoneos;
				SWIFT_OPTIMIZATION_LEVEL = "-Owholemodule";
				VALIDATE_PRODUCT = YES;
			};
			name = Release;
		};
		917978C01F5C16B500A71079 /* Debug */ = {
			isa = XCBuildConfiguration;
			buildSettings = {
				ASSETCATALOG_COMPILER_APPICON_NAME = AppIcon;
				CODE_SIGN_STYLE = Automatic;
				DEVELOPMENT_TEAM = P48JT8XFF3;
				INFOPLIST_FILE = SwooshApp/Info.plist;
				LD_RUNPATH_SEARCH_PATHS = "$(inherited) @executable_path/Frameworks";
				PRODUCT_BUNDLE_IDENTIFIER = com.stanleypan.SwooshApp;
				PRODUCT_NAME = "$(TARGET_NAME)";
				SWIFT_VERSION = 4.0;
				TARGETED_DEVICE_FAMILY = "1,2";
			};
			name = Debug;
		};
		917978C11F5C16B500A71079 /* Release */ = {
			isa = XCBuildConfiguration;
			buildSettings = {
				ASSETCATALOG_COMPILER_APPICON_NAME = AppIcon;
				CODE_SIGN_STYLE = Automatic;
				DEVELOPMENT_TEAM = P48JT8XFF3;
				INFOPLIST_FILE = SwooshApp/Info.plist;
				LD_RUNPATH_SEARCH_PATHS = "$(inherited) @executable_path/Frameworks";
				PRODUCT_BUNDLE_IDENTIFIER = com.stanleypan.SwooshApp;
				PRODUCT_NAME = "$(TARGET_NAME)";
				SWIFT_VERSION = 4.0;
				TARGETED_DEVICE_FAMILY = "1,2";
			};
			name = Release;
		};
/* End XCBuildConfiguration section */

/* Begin XCConfigurationList section */
		917978A81F5C16B500A71079 /* Build configuration list for PBXProject "SwooshApp" */ = {
			isa = XCConfigurationList;
			buildConfigurations = (
				917978BD1F5C16B500A71079 /* Debug */,
				917978BE1F5C16B500A71079 /* Release */,
			);
			defaultConfigurationIsVisible = 0;
			defaultConfigurationName = Release;
		};
		917978BF1F5C16B500A71079 /* Build configuration list for PBXNativeTarget "SwooshApp" */ = {
			isa = XCConfigurationList;
			buildConfigurations = (
				917978C01F5C16B500A71079 /* Debug */,
				917978C11F5C16B500A71079 /* Release */,
			);
			defaultConfigurationIsVisible = 0;
			defaultConfigurationName = Release;
		};
/* End XCConfigurationList section */
	};
	rootObject = 917978A51F5C16B500A71079 /* Project object */;
}
